<Solution>
  <Folder Name="/Example/">
    <Project Path="Develop.Library/Develop.Library.csproj" />
    <Project Path="Develop/Develop.csproj" />
  </Folder>
  <Folder Name="/Library/">
    <Project Path="BunnyTail.ServiceRegistration.Generator/BunnyTail.ServiceRegistration.Generator.csproj" />
    <Project Path="BunnyTail.ServiceRegistration/BunnyTail.ServiceRegistration.csproj">
      <BuildDependency Project="BunnyTail.ServiceRegistration.Generator/BunnyTail.ServiceRegistration.Generator.csproj" />
    </Project>
  </Folder>
  <Folder Name="/Solution Items/">
    <File Path=".editorconfig" />
    <File Path=".gitattributes" />
    <File Path=".gitignore" />
    <File Path="AGENTS.md" />
    <File Path="Analyzers.ruleset" />
    <File Path="BunnyTail.ServiceRegistration.props" />
    <File Path="BunnyTail.ServiceRegistration.sln.DotSettings" />
    <File Path="CLAUDE.md" />
    <File Path="CodeCoverage.runsettings" />
    <File Path="Directory.Build.props" />
    <File Path="Directory.Build.targets" />
    <File Path="LICENSE" />
    <File Path="README.md" />
  </Folder>
  <Folder Name="/Tests/">
    <Project Path="BunnyTail.ServiceRegistration.Tests/BunnyTail.ServiceRegistration.Tests.csproj" />
  </Folder>
</Solution>
